
Microsoft Visual Studio Solution File, Format Version 12.00
# Visual Studio Version 17
VisualStudioVersion = 17.1.32407.343
MinimumVisualStudioVersion = 10.0.40219.1
Project("{FAE04EC0-301F-11D3-BF4B-00C04F79EFBC}") = "villaApp-MagicVilla", "villaApp-MagicVilla\villaApp-MagicVilla.csproj", "{541DB076-5535-4D05-A799-17AA4A584F11}"
EndProject
Global
	GlobalSection(SolutionConfigurationPlatforms) = preSolution
		Debug|Any CPU = Debug|Any CPU
		Release|Any CPU = Release|Any CPU
	EndGlobalSection
	GlobalSection(ProjectConfigurationPlatforms) = postSolution
		{541DB076-5535-4D05-A799-17AA4A584F11}.Debug|Any CPU.ActiveCfg = Debug|Any CPU
		{541DB076-5535-4D05-A799-17AA4A584F11}.Debug|Any CPU.Build.0 = Debug|Any CPU
		{541DB076-5535-4D05-A799-17AA4A584F11}.Release|Any CPU.ActiveCfg = Release|Any CPU
		{541DB076-5535-4D05-A799-17AA4A584F11}.Release|Any CPU.Build.0 = Release|Any CPU
	EndGlobalSection
	GlobalSection(SolutionProperties) = preSolution
		HideSolutionNode = FALSE
	EndGlobalSection
	GlobalSection(ExtensibilityGlobals) = postSolution
		SolutionGuid = {FB07AEA8-F579-46CB-82AD-9FD7F5912938}
	EndGlobalSection
EndGlobal
